{
	"name": "phantomcss",
	"version": "1.3.0",
	"lockfileVersion": 1,
	"dependencies": {
		"ajv": {
			"version": "5.4.0",
			"resolved": "https://registry.npmjs.org/ajv/-/ajv-5.4.0.tgz",
			"integrity": "sha1-MtHPCNvIDEMvQm8S4QslEfa0ZHQ="
		},
		"asn1": {
			"version": "https://registry.npmjs.org/asn1/-/asn1-0.2.3.tgz",
			"integrity": "sha1-2sh4dxPJlmhJ/IGAd36+nB3fO4Y="
		},
		"asynckit": {
			"version": "https://registry.npmjs.org/asynckit/-/asynckit-0.4.0.tgz",
			"integrity": "sha1-x57Zf380y48robyXkLzDZkdLS3k="
		},
		"aws4": {
			"version": "https://registry.npmjs.org/aws4/-/aws4-1.6.0.tgz",
			"integrity": "sha1-g+9cqGCysy5KDe7e6MdxudtXRx4="
		},
		"bcrypt-pbkdf": {
			"version": "https://registry.npmjs.org/bcrypt-pbkdf/-/bcrypt-pbkdf-1.0.1.tgz",
			"integrity": "sha1-Y7xdy2EzG5K8Bf1SiVPDNGKgb40=",
			"optional": true
		},
		"casperjs": {
			"version": "1.1.4",
			"resolved": "https://registry.npmjs.org/casperjs/-/casperjs-1.1.4.tgz",
			"integrity": "sha1-6wH07YWsUgqPTZMrTap00+d7x0Y="
		},
		"co": {
			"version": "4.6.0",
			"resolved": "https://registry.npmjs.org/co/-/co-4.6.0.tgz",
			"integrity": "sha1-bqa989hTrlTMuOR7+gvz+QMfsYQ="
		},
		"combined-stream": {
			"version": "https://registry.npmjs.org/combined-stream/-/combined-stream-1.0.5.tgz",
			"integrity": "sha1-k4NwpXtKUd6ix3wV1cX9+JUWQAk="
		},
		"core-util-is": {
			"version": "https://registry.npmjs.org/core-util-is/-/core-util-is-1.0.2.tgz",
			"integrity": "sha1-tf1UIgqivFq1eqtxQMlAdUUDwac="
		},
		"dashdash": {
			"version": "https://registry.npmjs.org/dashdash/-/dashdash-1.14.1.tgz",
			"integrity": "sha1-hTz6D3y+L+1d4gMmuN1YEDX24vA=",
			"dependencies": {
				"assert-plus": {
					"version": "https://registry.npmjs.org/assert-plus/-/assert-plus-1.0.0.tgz",
					"integrity": "sha1-8S4PPF13sLHN2RRpQuTpbB5N1SU="
				}
			}
		},
		"delayed-stream": {
			"version": "https://registry.npmjs.org/delayed-stream/-/delayed-stream-1.0.0.tgz",
			"integrity": "sha1-3zrhmayt+31ECqrgsp4icrJOxhk="
		},
		"ecc-jsbn": {
			"version": "https://registry.npmjs.org/ecc-jsbn/-/ecc-jsbn-0.1.1.tgz",
			"integrity": "sha1-D8c6ntXw1Tw4GTOYUj735UN3dQU=",
			"optional": true
		},
		"es6-promise": {
			"version": "https://registry.npmjs.org/es6-promise/-/es6-promise-4.0.5.tgz",
			"integrity": "sha1-eILzCt3lskDM+n99eMVIMwlRrkI="
		},
		"extsprintf": {
			"version": "https://registry.npmjs.org/extsprintf/-/extsprintf-1.0.2.tgz",
			"integrity": "sha1-4QgOBljjALBilJkMxw4VAiNf1VA="
		},
		"fast-deep-equal": {
			"version": "1.0.0",
			"resolved": "https://registry.npmjs.org/fast-deep-equal/-/fast-deep-equal-1.0.0.tgz",
			"integrity": "sha1-liVqO8l1WV6zbYLpkp0GDYk0Of8="
		},
		"fast-json-stable-stringify": {
			"version": "2.0.0",
			"resolved": "https://registry.npmjs.org/fast-json-stable-stringify/-/fast-json-stable-stringify-2.0.0.tgz",
			"integrity": "sha1-1RQsDK7msRifh9OnYREGT4bIu/I="
		},
		"fd-slicer": {
			"version": "https://registry.npmjs.org/fd-slicer/-/fd-slicer-1.0.1.tgz",
			"integrity": "sha1-i1vL2ewyfFBBv5qwI/1nUPEXfmU="
		},
		"forever-agent": {
			"version": "https://registry.npmjs.org/forever-agent/-/forever-agent-0.6.1.tgz",
			"integrity": "sha1-+8cfDEGt6zf5bFd60e1C2P2sypE="
		},
		"fs-extra": {
			"version": "https://registry.npmjs.org/fs-extra/-/fs-extra-1.0.0.tgz",
			"integrity": "sha1-zTzl9+fLYUWIP8rjGR6Yd/hYeVA="
		},
		"getpass": {
			"version": "https://registry.npmjs.org/getpass/-/getpass-0.1.6.tgz",
			"integrity": "sha1-KD/9n8ElaECHUxHBtg6MQBhxEOY=",
			"dependencies": {
				"assert-plus": {
					"version": "https://registry.npmjs.org/assert-plus/-/assert-plus-1.0.0.tgz",
					"integrity": "sha1-8S4PPF13sLHN2RRpQuTpbB5N1SU="
				}
			}
		},
		"graceful-fs": {
			"version": "https://registry.npmjs.org/graceful-fs/-/graceful-fs-4.1.11.tgz",
			"integrity": "sha1-Dovf5NHduIVNZOBOp8AOKgJuVlg="
		},
		"har-schema": {
			"version": "2.0.0",
			"resolved": "https://registry.npmjs.org/har-schema/-/har-schema-2.0.0.tgz",
			"integrity": "sha1-qUwiJOvKwEeCoNkDVSHyRzW37JI="
		},
		"hasha": {
			"version": "https://registry.npmjs.org/hasha/-/hasha-2.2.0.tgz",
			"integrity": "sha1-eNfL/B5tZjA/55g3NlmEUXsvbuE="
		},
		"inherits": {
			"version": "https://registry.npmjs.org/inherits/-/inherits-2.0.3.tgz",
			"integrity": "sha1-Yzwsg+PaQqUC9SRmAiSA9CCCYd4="
		},
		"is-stream": {
			"version": "https://registry.npmjs.org/is-stream/-/is-stream-1.1.0.tgz",
			"integrity": "sha1-EtSj3U5o4Lec6428hBc66A2RykQ="
		},
		"is-typedarray": {
			"version": "https://registry.npmjs.org/is-typedarray/-/is-typedarray-1.0.0.tgz",
			"integrity": "sha1-5HnICFjfDBsR3dppQPlgEfzaSpo="
		},
		"isarray": {
			"version": "https://registry.npmjs.org/isarray/-/isarray-1.0.0.tgz",
			"integrity": "sha1-u5NdSFgsuhaMBoNJV6VKPgcSTxE="
		},
		"isexe": {
			"version": "https://registry.npmjs.org/isexe/-/isexe-1.1.2.tgz",
			"integrity": "sha1-NvPiLmB1CSD15yQaR2qMakInWtA="
		},
		"isstream": {
			"version": "https://registry.npmjs.org/isstream/-/isstream-0.1.2.tgz",
			"integrity": "sha1-R+Y/evVa+m+S4VAOaQ64uFKcCZo="
		},
		"jodid25519": {
			"version": "https://registry.npmjs.org/jodid25519/-/jodid25519-1.0.2.tgz",
			"integrity": "sha1-BtSRIlUJNBlHfUJWM2BuDpB4KWc=",
			"optional": true
		},
		"jsbn": {
			"version": "https://registry.npmjs.org/jsbn/-/jsbn-0.1.1.tgz",
			"integrity": "sha1-peZUwuWi3rXyAdls77yoDA7y9RM=",
			"optional": true
		},
		"json-schema": {
			"version": "https://registry.npmjs.org/json-schema/-/json-schema-0.2.3.tgz",
			"integrity": "sha1-tIDIkuWaLwWVTOcnvT8qTogvnhM="
		},
		"json-schema-traverse": {
			"version": "0.3.1",
			"resolved": "https://registry.npmjs.org/json-schema-traverse/-/json-schema-traverse-0.3.1.tgz",
			"integrity": "sha1-NJptRMU6Ud6JtAgFxdXlm0F9M0A="
		},
		"json-stringify-safe": {
			"version": "https://registry.npmjs.org/json-stringify-safe/-/json-stringify-safe-5.0.1.tgz",
			"integrity": "sha1-Epai1Y/UXxmg9s4B1lcB4sc1tus="
		},
		"jsonfile": {
			"version": "https://registry.npmjs.org/jsonfile/-/jsonfile-2.4.0.tgz",
			"integrity": "sha1-NzaitCi4e72gzIO1P6PWM6NcKug="
		},
		"jsprim": {
			"version": "https://registry.npmjs.org/jsprim/-/jsprim-1.4.0.tgz",
			"integrity": "sha1-o7h+QCmNjDgFUtjMdiigu5WiKRg=",
			"dependencies": {
				"assert-plus": {
					"version": "https://registry.npmjs.org/assert-plus/-/assert-plus-1.0.0.tgz",
					"integrity": "sha1-8S4PPF13sLHN2RRpQuTpbB5N1SU="
				}
			}
		},
		"kew": {
			"version": "https://registry.npmjs.org/kew/-/kew-0.7.0.tgz",
			"integrity": "sha1-edk9LTM2PW/dKXCzNdkUGtWR15s="
		},
		"klaw": {
			"version": "https://registry.npmjs.org/klaw/-/klaw-1.3.1.tgz",
			"integrity": "sha1-QIhDO0azsbolnXh4XY6W9zugJDk="
		},
		"minimist": {
			"version": "https://registry.npmjs.org/minimist/-/minimist-0.0.8.tgz",
			"integrity": "sha1-hX/Kv8M5fSYluCKCYuhqp6ARsF0="
		},
		"mkdirp": {
			"version": "https://registry.npmjs.org/mkdirp/-/mkdirp-0.5.0.tgz",
			"integrity": "sha1-HXMHam35hs2TROFecfzAWkyavxI="
		},
		"ms": {
			"version": "2.0.0",
			"resolved": "https://registry.npmjs.org/ms/-/ms-2.0.0.tgz",
			"integrity": "sha1-VgiurfwAvmwpAd9fmGF4jeDVl8g="
		},
		"oauth-sign": {
			"version": "https://registry.npmjs.org/oauth-sign/-/oauth-sign-0.8.2.tgz",
			"integrity": "sha1-Rqarfwrq2N6unsBWV4C31O/rnUM="
		},
		"pend": {
			"version": "https://registry.npmjs.org/pend/-/pend-1.2.0.tgz",
			"integrity": "sha1-elfrVQpng/kRUzH89GY9XI4AelA="
		},
		"performance-now": {
			"version": "2.1.0",
			"resolved": "https://registry.npmjs.org/performance-now/-/performance-now-2.1.0.tgz",
			"integrity": "sha1-Ywn04OX6kT7BxpMHrjZLSzd8nns="
		},
		"phantomjs-prebuilt": {
			"version": "2.1.16",
			"resolved": "https://registry.npmjs.org/phantomjs-prebuilt/-/phantomjs-prebuilt-2.1.16.tgz",
			"integrity": "sha1-79ISpKOWbTZHaE6ouniFSb4q7+8=",
			"dependencies": {
				"assert-plus": {
					"version": "1.0.0",
					"resolved": "https://registry.npmjs.org/assert-plus/-/assert-plus-1.0.0.tgz",
					"integrity": "sha1-8S4PPF13sLHN2RRpQuTpbB5N1SU="
				},
				"aws-sign2": {
					"version": "0.7.0",
					"resolved": "https://registry.npmjs.org/aws-sign2/-/aws-sign2-0.7.0.tgz",
					"integrity": "sha1-tG6JCTSpWR8tL2+G1+ap8bP+dqg="
				},
				"boom": {
					"version": "4.3.1",
					"resolved": "https://registry.npmjs.org/boom/-/boom-4.3.1.tgz",
					"integrity": "sha1-T4owBctKfjiJ90kDD9JbluAdLjE="
				},
				"caseless": {
					"version": "0.12.0",
					"resolved": "https://registry.npmjs.org/caseless/-/caseless-0.12.0.tgz",
					"integrity": "sha1-G2gcIf+EAzyCZUMJBolCDRhxUdw="
				},
				"concat-stream": {
					"version": "1.6.0",
					"resolved": "https://registry.npmjs.org/concat-stream/-/concat-stream-1.6.0.tgz",
					"integrity": "sha1-CqxmL9Ur54lk1VMvaUeE5wEQrPc="
				},
				"cryptiles": {
					"version": "3.1.2",
					"resolved": "https://registry.npmjs.org/cryptiles/-/cryptiles-3.1.2.tgz",
					"integrity": "sha1-qJ+7Ig9c4l7FboxKqKT9e1sNKf4=",
					"dependencies": {
						"boom": {
							"version": "5.2.0",
							"resolved": "https://registry.npmjs.org/boom/-/boom-5.2.0.tgz",
							"integrity": "sha512-Z5BTk6ZRe4tXXQlkqftmsAUANpXmuwlsF5Oov8ThoMbQRzdGTA1ngYRW160GexgOgjsFOKJz0LYhoNi+2AMBUw=="
						}
					}
				},
				"debug": {
					"version": "2.6.9",
					"resolved": "https://registry.npmjs.org/debug/-/debug-2.6.9.tgz",
					"integrity": "sha512-bC7ElrdJaJnPbAP+1EotYvqZsb3ecl5wi6Bfi6BJTUcNowp6cvspg0jXznRTKDjm/E7AdgFBVeAPVMNcKGsHMA=="
				},
				"extend": {
					"version": "3.0.1",
					"resolved": "https://registry.npmjs.org/extend/-/extend-3.0.1.tgz",
					"integrity": "sha1-p1Xqe8Gt/MWjHOfnYtuq3F5jZEQ="
				},
				"extract-zip": {
					"version": "1.6.6",
					"resolved": "https://registry.npmjs.org/extract-zip/-/extract-zip-1.6.6.tgz",
					"integrity": "sha1-EpDt6NINCHK0Kf0/NRyhKOxe+Fw="
				},
				"form-data": {
					"version": "2.3.1",
					"resolved": "https://registry.npmjs.org/form-data/-/form-data-2.3.1.tgz",
					"integrity": "sha1-b7lPvXGIUwbXPRXMSX/kzE7NRL8="
				},
				"har-validator": {
					"version": "5.0.3",
					"resolved": "https://registry.npmjs.org/har-validator/-/har-validator-5.0.3.tgz",
					"integrity": "sha1-ukAsJmGU8VlW7xXg/PJCmT9qff0="
				},
				"hawk": {
					"version": "6.0.2",
					"resolved": "https://registry.npmjs.org/hawk/-/hawk-6.0.2.tgz",
					"integrity": "sha512-miowhl2+U7Qle4vdLqDdPt9m09K6yZhkLDTWGoUiUzrQCn+mHHSmfJgAyGaLRZbPmTqfFFjRV1QWCW0VWUJBbQ=="
				},
				"hoek": {
					"version": "4.2.0",
					"resolved": "https://registry.npmjs.org/hoek/-/hoek-4.2.0.tgz",
					"integrity": "sha512-v0XCLxICi9nPfYrS9RL8HbYnXi9obYAeLbSP00BmnZwCK9+Ih9WOjoZ8YoHCoav2csqn4FOz4Orldsy2dmDwmQ=="
				},
				"http-signature": {
					"version": "1.2.0",
					"resolved": "https://registry.npmjs.org/http-signature/-/http-signature-1.2.0.tgz",
					"integrity": "sha1-muzZJRFHcvPZW2WmCruPfBj7rOE="
				},
				"mime-db": {
					"version": "1.30.0",
					"resolved": "https://registry.npmjs.org/mime-db/-/mime-db-1.30.0.tgz",
					"integrity": "sha1-dMZD2i3Z1qRTmZY0ZbJtXKfXHwE="
				},
				"mime-types": {
					"version": "2.1.17",
					"resolved": "https://registry.npmjs.org/mime-types/-/mime-types-2.1.17.tgz",
					"integrity": "sha1-Cdejk/A+mVp5+K+Fe3Cp4KsWVXo="
				},
				"qs": {
					"version": "6.5.1",
					"resolved": "https://registry.npmjs.org/qs/-/qs-6.5.1.tgz",
					"integrity": "sha512-eRzhrN1WSINYCDCbrz796z37LOe3m5tmW7RQf6oBntukAG1nmovJvhnwHHRMAfeoItc1m2Hk02WER2aQ/iqs+A=="
				},
				"readable-stream": {
					"version": "2.3.3",
					"resolved": "https://registry.npmjs.org/readable-stream/-/readable-stream-2.3.3.tgz",
					"integrity": "sha512-m+qzzcn7KUxEmd1gMbchF+Y2eIUbieUaxkWtptyHywrX0rE8QEYqPC07Vuy4Wm32/xE16NcdBctb8S0Xe/5IeQ=="
				},
				"request": {
					"version": "2.83.0",
					"resolved": "https://registry.npmjs.org/request/-/request-2.83.0.tgz",
					"integrity": "sha512-lR3gD69osqm6EYLk9wB/G1W/laGWjzH90t1vEa2xuxHD5KUrSzp9pUSfTm+YC5Nxt2T8nMPEvKlhbQayU7bgFw=="
				},
				"sntp": {
					"version": "2.1.0",
					"resolved": "https://registry.npmjs.org/sntp/-/sntp-2.1.0.tgz",
					"integrity": "sha512-FL1b58BDrqS3A11lJ0zEdnJ3UOKqVxawAkF3k7F0CVN7VQ34aZrV+G8BZ1WC9ZL7NyrwsW0oviwsWDgRuVYtJg=="
				},
				"string_decoder": {
					"version": "1.0.3",
					"resolved": "https://registry.npmjs.org/string_decoder/-/string_decoder-1.0.3.tgz",
					"integrity": "sha512-4AH6Z5fzNNBcH+6XDMfA/BTt87skxqJlO0lAh3Dker5zThcAxG6mKz+iGu308UKoPPQ8Dcqx/4JhujzltRa+hQ=="
				},
				"tough-cookie": {
					"version": "2.3.3",
					"resolved": "https://registry.npmjs.org/tough-cookie/-/tough-cookie-2.3.3.tgz",
					"integrity": "sha1-C2GKVWW23qkL80JdBNVe3EdadWE="
				},
				"tunnel-agent": {
					"version": "0.6.0",
					"resolved": "https://registry.npmjs.org/tunnel-agent/-/tunnel-agent-0.6.0.tgz",
					"integrity": "sha1-J6XeoGs2sEoKmWZ3SykIaPD8QP0="
				},
				"uuid": {
					"version": "3.1.0",
					"resolved": "https://registry.npmjs.org/uuid/-/uuid-3.1.0.tgz",
					"integrity": "sha512-DIWtzUkw04M4k3bf1IcpS2tngXEL26YUD2M0tMDUpnUrz2hgzUBlD55a4FjdLGPvfHxS6uluGWvaVEqgBcVa+g=="
				}
			}
		},
		"pinkie": {
			"version": "https://registry.npmjs.org/pinkie/-/pinkie-2.0.4.tgz",
			"integrity": "sha1-clVrgM+g1IqXToDnckjoDtT3+HA="
		},
		"pinkie-promise": {
			"version": "https://registry.npmjs.org/pinkie-promise/-/pinkie-promise-2.0.1.tgz",
			"integrity": "sha1-ITXW36ejWMBprJsXh3YogihFD/o="
		},
		"process-nextick-args": {
			"version": "https://registry.npmjs.org/process-nextick-args/-/process-nextick-args-1.0.7.tgz",
			"integrity": "sha1-FQ4gt1ZZCtP5EJPyWk8q2L/zC6M="
		},
		"progress": {
			"version": "https://registry.npmjs.org/progress/-/progress-1.1.8.tgz",
			"integrity": "sha1-4mDHj2Fhzdmw5WzD4Khd4Xx6V74="
		},
		"punycode": {
			"version": "https://registry.npmjs.org/punycode/-/punycode-1.4.1.tgz",
			"integrity": "sha1-wNWmOycYgArY4esPpSachN1BhF4="
		},
		"request-progress": {
			"version": "https://registry.npmjs.org/request-progress/-/request-progress-2.0.1.tgz",
			"integrity": "sha1-XTa7V5YcZzqlt4jbyBQf3yO0Tgg="
		},
		"resemblejs": {
			"version": "2.5.0",
			"resolved": "https://registry.npmjs.org/resemblejs/-/resemblejs-2.5.0.tgz",
			"integrity": "sha512-j2p4H8jpxch3bG9SOoap4tWbNZ4hNGrl54y7WJSwoKBQM3ZBhVyaFEYqzlv06dY1I4Pns/M8Ten6R6+/jTjycA=="
		},
		"safe-buffer": {
			"version": "5.1.1",
			"resolved": "https://registry.npmjs.org/safe-buffer/-/safe-buffer-5.1.1.tgz",
			"integrity": "sha512-kKvNJn6Mm93gAczWVJg7wH+wGYWNrDHdWvpUmHyEsgCtIwwo3bqPtV4tR5tuPaUhTOo/kvhVwd8XwwOllGYkbg=="
		},
		"sshpk": {
			"version": "https://registry.npmjs.org/sshpk/-/sshpk-1.11.0.tgz",
			"integrity": "sha1-LY1eu0pvqyj/ujf6YqkPSj6lnXc=",
			"dependencies": {
				"assert-plus": {
					"version": "https://registry.npmjs.org/assert-plus/-/assert-plus-1.0.0.tgz",
					"integrity": "sha1-8S4PPF13sLHN2RRpQuTpbB5N1SU="
				}
			}
		},
		"stringstream": {
			"version": "https://registry.npmjs.org/stringstream/-/stringstream-0.0.5.tgz",
			"integrity": "sha1-TkhM1N5aC7vuGORjB3EKioFiGHg="
		},
		"throttleit": {
			"version": "https://registry.npmjs.org/throttleit/-/throttleit-1.0.0.tgz",
			"integrity": "sha1-nnhYNtr0Z0MUWlmEtiaNgoUorGw="
		},
		"tweetnacl": {
			"version": "https://registry.npmjs.org/tweetnacl/-/tweetnacl-0.14.5.tgz",
			"integrity": "sha1-WuaBd/GS1EViadEIr6k/+HQ/T2Q=",
			"optional": true
		},
		"typedarray": {
			"version": "https://registry.npmjs.org/typedarray/-/typedarray-0.0.6.tgz",
			"integrity": "sha1-hnrHTjhkGHsdPUfZlqeOxciDB3c="
		},
		"util-deprecate": {
			"version": "https://registry.npmjs.org/util-deprecate/-/util-deprecate-1.0.2.tgz",
			"integrity": "sha1-RQ1Nyfpw3nMnYvvS1KKJgUGaDM8="
		},
		"verror": {
			"version": "https://registry.npmjs.org/verror/-/verror-1.3.6.tgz",
			"integrity": "sha1-z/XfEpRtKX0rqu+qJoniW+AcAFw="
		},
		"which": {
			"version": "https://registry.npmjs.org/which/-/which-1.2.12.tgz",
			"integrity": "sha1-3me15FAmnxlJCe8j7OTr5Bb6EZI="
		},
		"yauzl": {
			"version": "https://registry.npmjs.org/yauzl/-/yauzl-2.4.1.tgz",
			"integrity": "sha1-lSj0QtqxsihOWLQ3m7GU4i4MQAU="
		}
	}
}
